{
    "name": "smart-contract",
    "version": "0.0.1",
    "lockfileVersion": 3,
    "requires": true,
    "packages": {
        "": {
            "name": "smart-contract",
            "version": "0.0.1",
            "license": "MIT",
            "dependencies": {
                "hotpocket-nodejs-contract": "^0.7.4"
            }
        },
        "node_modules/hotpocket-nodejs-contract": {
            "version": "0.7.4",
            "resolved": "https://registry.npmjs.org/hotpocket-nodejs-contract/-/hotpocket-nodejs-contract-0.7.4.tgz",
            "integrity": "sha512-rLCZm1bWoqV5j+xUFbnWF6XWurO5D43dus9h4SRftusO52n4GOdMsHmFIW7kezXGsHCre9iLzFl0R33aZ9/nSg=="
        }
    }
}
